
Microsoft Visual Studio Solution File, Format Version 12.00
# Visual Studio Version 16
VisualStudioVersion = 16.0.31129.286
MinimumVisualStudioVersion = 10.0.40219.1
Project("{9A19103F-16F7-4668-BE54-9A1E7A4F7556}") = "DataAccess", "DataAccess\DataAccess.csproj", "{852A6701-529A-4A08-9FFA-39E581315FBA}"
EndProject
Project("{9A19103F-16F7-4668-BE54-9A1E7A4F7556}") = "Business", "Business\Business.csproj", "{ECBC3C83-CED3-4BE3-8713-8970E5E721E2}"
EndProject
Project("{9A19103F-16F7-4668-BE54-9A1E7A4F7556}") = "Entities", "Entities\Entities.csproj", "{352D50DC-8219-4A17-903B-BE05D02856EC}"
EndProject
Project("{9A19103F-16F7-4668-BE54-9A1E7A4F7556}") = "ConsoleUI", "ConsoleUI\ConsoleUI.csproj", "{3D09FC84-97B2-4ED8-9C5A-FAA972BA76F8}"
EndProject
Project("{9A19103F-16F7-4668-BE54-9A1E7A4F7556}") = "Core", "Core\Core.csproj", "{94482AC7-B706-45FD-B2AF-A90E9588A603}"
EndProject
Project("{FAE04EC0-301F-11D3-BF4B-00C04F79EFBC}") = "WebAPI", "WebAPI\WebAPI.csproj", "{3B4C7510-DD5F-4817-ADA7-8999FC726220}"
EndProject
Global
	GlobalSection(SolutionConfigurationPlatforms) = preSolution
		Debug|Any CPU = Debug|Any CPU
		Release|Any CPU = Release|Any CPU
	EndGlobalSection
	GlobalSection(ProjectConfigurationPlatforms) = postSolution
		{852A6701-529A-4A08-9FFA-39E581315FBA}.Debug|Any CPU.ActiveCfg = Debug|Any CPU
		{852A6701-529A-4A08-9FFA-39E581315FBA}.Debug|Any CPU.Build.0 = Debug|Any CPU
		{852A6701-529A-4A08-9FFA-39E581315FBA}.Release|Any CPU.ActiveCfg = Release|Any CPU
		{852A6701-529A-4A08-9FFA-39E581315FBA}.Release|Any CPU.Build.0 = Release|Any CPU
		{ECBC3C83-CED3-4BE3-8713-8970E5E721E2}.Debug|Any CPU.ActiveCfg = Debug|Any CPU
		{ECBC3C83-CED3-4BE3-8713-8970E5E721E2}.Debug|Any CPU.Build.0 = Debug|Any CPU
		{ECBC3C83-CED3-4BE3-8713-8970E5E721E2}.Release|Any CPU.ActiveCfg = Release|Any CPU
		{ECBC3C83-CED3-4BE3-8713-8970E5E721E2}.Release|Any CPU.Build.0 = Release|Any CPU
		{352D50DC-8219-4A17-903B-BE05D02856EC}.Debug|Any CPU.ActiveCfg = Debug|Any CPU
		{352D50DC-8219-4A17-903B-BE05D02856EC}.Debug|Any CPU.Build.0 = Debug|Any CPU
		{352D50DC-8219-4A17-903B-BE05D02856EC}.Release|Any CPU.ActiveCfg = Release|Any CPU
		{352D50DC-8219-4A17-903B-BE05D02856EC}.Release|Any CPU.Build.0 = Release|Any CPU
		{3D09FC84-97B2-4ED8-9C5A-FAA972BA76F8}.Debug|Any CPU.ActiveCfg = Debug|Any CPU
		{3D09FC84-97B2-4ED8-9C5A-FAA972BA76F8}.Debug|Any CPU.Build.0 = Debug|Any CPU
		{3D09FC84-97B2-4ED8-9C5A-FAA972BA76F8}.Release|Any CPU.ActiveCfg = Release|Any CPU
		{3D09FC84-97B2-4ED8-9C5A-FAA972BA76F8}.Release|Any CPU.Build.0 = Release|Any CPU
		{94482AC7-B706-45FD-B2AF-A90E9588A603}.Debug|Any CPU.ActiveCfg = Debug|Any CPU
		{94482AC7-B706-45FD-B2AF-A90E9588A603}.Debug|Any CPU.Build.0 = Debug|Any CPU
		{94482AC7-B706-45FD-B2AF-A90E9588A603}.Release|Any CPU.ActiveCfg = Release|Any CPU
		{94482AC7-B706-45FD-B2AF-A90E9588A603}.Release|Any CPU.Build.0 = Release|Any CPU
		{3B4C7510-DD5F-4817-ADA7-8999FC726220}.Debug|Any CPU.ActiveCfg = Debug|Any CPU
		{3B4C7510-DD5F-4817-ADA7-8999FC726220}.Debug|Any CPU.Build.0 = Debug|Any CPU
		{3B4C7510-DD5F-4817-ADA7-8999FC726220}.Release|Any CPU.ActiveCfg = Release|Any CPU
		{3B4C7510-DD5F-4817-ADA7-8999FC726220}.Release|Any CPU.Build.0 = Release|Any CPU
	EndGlobalSection
	GlobalSection(SolutionProperties) = preSolution
		HideSolutionNode = FALSE
	EndGlobalSection
	GlobalSection(ExtensibilityGlobals) = postSolution
		SolutionGuid = {007A00B0-32BE-4934-80E1-1FDD68384D9F}
	EndGlobalSection
EndGlobal
